// !$*UTF8*$!
{
	archiveVersion = 1;
	classes = {
	};
	objectVersion = 77;
	objects = {

/* Begin PBXContainerItemProxy section */
		B58161AD2EDDFADE00B07380 /* PBXContainerItemProxy */ = {
			isa = PBXContainerItemProxy;
			containerPortal = B58161972EDDFADD00B07380 /* Project object */;
			proxyType = 1;
			remoteGlobalIDString = B581619E2EDDFADD00B07380;
			remoteInfo = "Real KAOS App";
		};
		B58161B72EDDFADE00B07380 /* PBXContainerItemProxy */ = {
			isa = PBXContainerItemProxy;
			containerPortal = B58161972EDDFADD00B07380 /* Project object */;
			proxyType = 1;
			remoteGlobalIDString = B581619E2EDDFADD00B07380;
			remoteInfo = "Real KAOS App";
		};
/* End PBXContainerItemProxy section */

/* Begin PBXFileReference section */
		B581619F2EDDFADD00B07380 /* Real KAOS App.app */ = {isa = PBXFileReference; explicitFileType = wrapper.application; includeInIndex = 0; path = "Real KAOS App.app"; sourceTree = BUILT_PRODUCTS_DIR; };
		B58161AC2EDDFADE00B07380 /* Real KAOS AppTests.xctest */ = {isa = PBXFileReference; explicitFileType = wrapper.cfbundle; includeInIndex = 0; path = "Real KAOS AppTests.xctest"; sourceTree = BUILT_PRODUCTS_DIR; };
		B58161B62EDDFADE00B07380 /* Real KAOS AppUITests.xctest */ = {isa = PBXFileReference; explicitFileType = wrapper.cfbundle; includeInIndex = 0; path = "Real KAOS AppUITests.xctest"; sourceTree = BUILT_PRODUCTS_DIR; };
/* End PBXFileReference section */

/* Begin PBXFileSystemSynchronizedRootGroup section */
		B58161A12EDDFADD00B07380 /* Real KAOS App */ = {
			isa = PBXFileSystemSynchronizedRootGroup;
			path = "Real KAOS App";
			sourceTree = "<group>";
		};
		B58161AF2EDDFADE00B07380 /* Real KAOS AppTests */ = {
			isa = PBXFileSystemSynchronizedRootGroup;
			path = "Real KAOS AppTests";
			sourceTree = "<group>";
		};
		B58161B92EDDFADE00B07380 /* Real KAOS AppUITests */ = {
			isa = PBXFileSystemSynchronizedRootGroup;
			path = "Real KAOS AppUITests";
			sourceTree = "<group>";
		};
/* End PBXFileSystemSynchronizedRootGroup section */

/* Begin PBXFrameworksBuildPhase section */
		B581619C2EDDFADD00B07380 /* Frameworks */ = {
			isa = PBXFrameworksBuildPhase;
			buildActionMask = 2147483647;
			files = (
			);
			runOnlyForDeploymentPostprocessing = 0;
		};
		B58161A92EDDFADE00B07380 /* Frameworks */ = {
			isa = PBXFrameworksBuildPhase;
			buildActionMask = 2147483647;
			files = (
			);
			runOnlyForDeploymentPostprocessing = 0;
		};
		B58161B32EDDFADE00B07380 /* Frameworks */ = {
			isa = PBXFrameworksBuildPhase;
			buildActionMask = 2147483647;
			files = (
			);
			runOnlyForDeploymentPostprocessing = 0;
		};
/* End PBXFrameworksBuildPhase section */

/* Begin PBXGroup section */
		B58161962EDDFADD00B07380 = {
			isa = PBXGroup;
			children = (
				B58161A12EDDFADD00B07380 /* Real KAOS App */,
				B58161AF2EDDFADE00B07380 /* Real KAOS AppTests */,
				B58161B92EDDFADE00B07380 /* Real KAOS AppUITests */,
				B58161A02EDDFADD00B07380 /* Products */,
			);
			sourceTree = "<group>";
		};
		B58161A02EDDFADD00B07380 /* Products */ = {
			isa = PBXGroup;
			children = (
				B581619F2EDDFADD00B07380 /* Real KAOS App.app */,
				B58161AC2EDDFADE00B07380 /* Real KAOS AppTests.xctest */,
				B58161B62EDDFADE00B07380 /* Real KAOS AppUITests.xctest */,
			);
			name = Products;
			sourceTree = "<group>";
		};
/* End PBXGroup section */

/* Begin PBXNativeTarget section */
		B581619E2EDDFADD00B07380 /* Real KAOS App */ = {
			isa = PBXNativeTarget;
			buildConfigurationList = B58161C02EDDFADE00B07380 /* Build configuration list for PBXNativeTarget "Real KAOS App" */;
			buildPhases = (
				B581619B2EDDFADD00B07380 /* Sources */,
				B581619C2EDDFADD00B07380 /* Frameworks */,
				B581619D2EDDFADD00B07380 /* Resources */,
			);
			buildRules = (
			);
			dependencies = (
			);
			fileSystemSynchronizedGroups = (
				B58161A12EDDFADD00B07380 /* Real KAOS App */,
			);
			name = "Real KAOS App";
			packageProductDependencies = (
			);
			productName = "Real KAOS App";
			productReference = B581619F2EDDFADD00B07380 /* Real KAOS App.app */;
			productType = "com.apple.product-type.application";
		};
		B58161AB2EDDFADE00B07380 /* Real KAOS AppTests */ = {
			isa = PBXNativeTarget;
			buildConfigurationList = B58161C32EDDFADE00B07380 /* Build configuration list for PBXNativeTarget "Real KAOS AppTests" */;
			buildPhases = (
				B58161A82EDDFADE00B07380 /* Sources */,
				B58161A92EDDFADE00B07380 /* Frameworks */,
				B58161AA2EDDFADE00B07380 /* Resources */,
			);
			buildRules = (
			);
			dependencies = (
				B58161AE2EDDFADE00B07380 /* PBXTargetDependency */,
			);
			fileSystemSynchronizedGroups = (
				B58161AF2EDDFADE00B07380 /* Real KAOS AppTests */,
			);
			name = "Real KAOS AppTests";
			packageProductDependencies = (
			);
			productName = "Real KAOS AppTests";
			productReference = B58161AC2EDDFADE00B07380 /* Real KAOS AppTests.xctest */;
			productType = "com.apple.product-type.bundle.unit-test";
		};
		B58161B52EDDFADE00B07380 /* Real KAOS AppUITests */ = {
			isa = PBXNativeTarget;
			buildConfigurationList = B58161C62EDDFADE00B07380 /* Build configuration list for PBXNativeTarget "Real KAOS AppUITests" */;
			buildPhases = (
				B58161B22EDDFADE00B07380 /* Sources */,
				B58161B32EDDFADE00B07380 /* Frameworks */,
				B58161B42EDDFADE00B07380 /* Resources */,
			);
			buildRules = (
			);
			dependencies = (
				B58161B82EDDFADE00B07380 /* PBXTargetDependency */,
			);
			fileSystemSynchronizedGroups = (
				B58161B92EDDFADE00B07380 /* Real KAOS AppUITests */,
			);
			name = "Real KAOS AppUITests";
			packageProductDependencies = (
			);
			productName = "Real KAOS AppUITests";
			productReference = B58161B62EDDFADE00B07380 /* Real KAOS AppUITests.xctest */;
			productType = "com.apple.product-type.bundle.ui-testing";
		};
/* End PBXNativeTarget section */

/* Begin PBXProject section */
		B58161972EDDFADD00B07380 /* Project object */ = {
			isa = PBXProject;
			attributes = {
				BuildIndependentTargetsInParallel = 1;
				LastSwiftUpdateCheck = 1640;
				LastUpgradeCheck = 1640;
				TargetAttributes = {
					B581619E2EDDFADD00B07380 = {
						CreatedOnToolsVersion = 16.4;
					};
					B58161AB2EDDFADE00B07380 = {
						CreatedOnToolsVersion = 16.4;
						TestTargetID = B581619E2EDDFADD00B07380;
					};
					B58161B52EDDFADE00B07380 = {
						CreatedOnToolsVersion = 16.4;
						TestTargetID = B581619E2EDDFADD00B07380;
					};
				};
			};
			buildConfigurationList = B581619A2EDDFADD00B07380 /* Build configuration list for PBXProject "Real KAOS App" */;
			developmentRegion = en;
			hasScannedForEncodings = 0;
			knownRegions = (
				en,
				Base,
			);
			mainGroup = B58161962EDDFADD00B07380;
			minimizedProjectReferenceProxies = 1;
			preferredProjectObjectVersion = 77;
			productRefGroup = B58161A02EDDFADD00B07380 /* Products */;
			projectDirPath = "";
			projectRoot = "";
			targets = (
				B581619E2EDDFADD00B07380 /* Real KAOS App */,
				B58161AB2EDDFADE00B07380 /* Real KAOS AppTests */,
				B58161B52EDDFADE00B07380 /* Real KAOS AppUITests */,
			);
		};
/* End PBXProject section */

/* Begin PBXResourcesBuildPhase section */
		B581619D2EDDFADD00B07380 /* Resources */ = {
			isa = PBXResourcesBuildPhase;
			buildActionMask = 2147483647;
			files = (
			);
			runOnlyForDeploymentPostprocessing = 0;
		};
		B58161AA2EDDFADE00B07380 /* Resources */ = {
			isa = PBXResourcesBuildPhase;
			buildActionMask = 2147483647;
			files = (
			);
			runOnlyForDeploymentPostprocessing = 0;
		};
		B58161B42EDDFADE00B07380 /* Resources */ = {
			isa = PBXResourcesBuildPhase;
			buildActionMask = 2147483647;
			files = (
			);
			runOnlyForDeploymentPostprocessing = 0;
		};
/* End PBXResourcesBuildPhase section */

/* Begin PBXSourcesBuildPhase section */
		B581619B2EDDFADD00B07380 /* Sources */ = {
			isa = PBXSourcesBuildPhase;
			buildActionMask = 2147483647;
			files = (
			);
			runOnlyForDeploymentPostprocessing = 0;
		};
		B58161A82EDDFADE00B07380 /* Sources */ = {
			isa = PBXSourcesBuildPhase;
			buildActionMask = 2147483647;
			files = (
			);
			runOnlyForDeploymentPostprocessing = 0;
		};
		B58161B22EDDFADE00B07380 /* Sources */ = {
			isa = PBXSourcesBuildPhase;
			buildActionMask = 2147483647;
			files = (
			);
			runOnlyForDeploymentPostprocessing = 0;
		};
/* End PBXSourcesBuildPhase section */

/* Begin PBXTargetDependency section */
		B58161AE2EDDFADE00B07380 /* PBXTargetDependency */ = {
			isa = PBXTargetDependency;
			target = B581619E2EDDFADD00B07380 /* Real KAOS App */;
			targetProxy = B58161AD2EDDFADE00B07380 /* PBXContainerItemProxy */;
		};
		B58161B82EDDFADE00B07380 /* PBXTargetDependency */ = {
			isa = PBXTargetDependency;
			target = B581619E2EDDFADD00B07380 /* Real KAOS App */;
			targetProxy = B58161B72EDDFADE00B07380 /* PBXContainerItemProxy */;
		};
/* End PBXTargetDependency section */

/* Begin XCBuildConfiguration section */
		B58161BE2EDDFADE00B07380 /* Debug */ = {
			isa = XCBuildConfiguration;
			buildSettings = {
				ALWAYS_SEARCH_USER_PATHS = NO;
				ASSETCATALOG_COMPILER_GENERATE_SWIFT_ASSET_SYMBOL_EXTENSIONS = YES;
				CLANG_ANALYZER_NONNULL = YES;
				CLANG_ANALYZER_NUMBER_OBJECT_CONVERSION = YES_AGGRESSIVE;
				CLANG_CXX_LANGUAGE_STANDARD = "gnu++20";
				CLANG_ENABLE_MODULES = YES;
				CLANG_ENABLE_OBJC_ARC = YES;
				CLANG_ENABLE_OBJC_WEAK = YES;
				CLANG_WARN_BLOCK_CAPTURE_AUTORELEASING = YES;
				CLANG_WARN_BOOL_CONVERSION = YES;
				CLANG_WARN_COMMA = YES;
				CLANG_WARN_CONSTANT_CONVERSION = YES;
				CLANG_WARN_DEPRECATED_OBJC_IMPLEMENTATIONS = YES;
				CLANG_WARN_DIRECT_OBJC_ISA_USAGE = YES_ERROR;
				CLANG_WARN_DOCUMENTATION_COMMENTS = YES;
				CLANG_WARN_EMPTY_BODY = YES;
				CLANG_WARN_ENUM_CONVERSION = YES;
				CLANG_WARN_INFINITE_RECURSION = YES;
				CLANG_WARN_INT_CONVERSION = YES;
				CLANG_WARN_NON_LITERAL_NULL_CONVERSION = YES;
				CLANG_WARN_OBJC_IMPLICIT_RETAIN_SELF = YES;
				CLANG_WARN_OBJC_LITERAL_CONVERSION = YES;
				CLANG_WARN_OBJC_ROOT_CLASS = YES_ERROR;
				CLANG_WARN_QUOTED_INCLUDE_IN_FRAMEWORK_HEADER = YES;
				CLANG_WARN_RANGE_LOOP_ANALYSIS = YES;
				CLANG_WARN_STRICT_PROTOTYPES = YES;
				CLANG_WARN_SUSPICIOUS_MOVE = YES;
				CLANG_WARN_UNGUARDED_AVAILABILITY = YES_AGGRESSIVE;
				CLANG_WARN_UNREACHABLE_CODE = YES;
				CLANG_WARN__DUPLICATE_METHOD_MATCH = YES;
				COPY_PHASE_STRIP = NO;
				DEBUG_INFORMATION_FORMAT = dwarf;
				DEVELOPMENT_TEAM = 885D8LZPH6;
				ENABLE_STRICT_OBJC_MSGSEND = YES;
				ENABLE_TESTABILITY = YES;
				ENABLE_USER_SCRIPT_SANDBOXING = YES;
				GCC_C_LANGUAGE_STANDARD = gnu17;
				GCC_DYNAMIC_NO_PIC = NO;
				GCC_NO_COMMON_BLOCKS = YES;
				GCC_OPTIMIZATION_LEVEL = 0;
				GCC_PREPROCESSOR_DEFINITIONS = (
					"DEBUG=1",
					"$(inherited)",
				);
				GCC_WARN_64_TO_32_BIT_CONVERSION = YES;
				GCC_WARN_ABOUT_RETURN_TYPE = YES_ERROR;
				GCC_WARN_UNDECLARED_SELECTOR = YES;
				GCC_WARN_UNINITIALIZED_AUTOS = YES_AGGRESSIVE;
				GCC_WARN_UNUSED_FUNCTION = YES;
				GCC_WARN_UNUSED_VARIABLE = YES;
				IPHONEOS_DEPLOYMENT_TARGET = 18.5;
				LOCALIZATION_PREFERS_STRING_CATALOGS = YES;
				MTL_ENABLE_DEBUG_INFO = INCLUDE_SOURCE;
				MTL_FAST_MATH = YES;
				ONLY_ACTIVE_ARCH = YES;
				SDKROOT = iphoneos;
				SWIFT_ACTIVE_COMPILATION_CONDITIONS = "DEBUG $(inherited)";
				SWIFT_OPTIMIZATION_LEVEL = "-Onone";
			};
			name = Debug;
		};
		B58161BF2EDDFADE00B07380 /* Release */ = {
			isa = XCBuildConfiguration;
			buildSettings = {
				ALWAYS_SEARCH_USER_PATHS = NO;
				ASSETCATALOG_COMPILER_GENERATE_SWIFT_ASSET_SYMBOL_EXTENSIONS = YES;
				CLANG_ANALYZER_NONNULL = YES;
				CLANG_ANALYZER_NUMBER_OBJECT_CONVERSION = YES_AGGRESSIVE;
				CLANG_CXX_LANGUAGE_STANDARD = "gnu++20";
				CLANG_ENABLE_MODULES = YES;
				CLANG_ENABLE_OBJC_ARC = YES;
				CLANG_ENABLE_OBJC_WEAK = YES;
				CLANG_WARN_BLOCK_CAPTURE_AUTORELEASING = YES;
				CLANG_WARN_BOOL_CONVERSION = YES;
				CLANG_WARN_COMMA = YES;
				CLANG_WARN_CONSTANT_CONVERSION = YES;
				CLANG_WARN_DEPRECATED_OBJC_IMPLEMENTATIONS = YES;
				CLANG_WARN_DIRECT_OBJC_ISA_USAGE = YES_ERROR;
				CLANG_WARN_DOCUMENTATION_COMMENTS = YES;
				CLANG_WARN_EMPTY_BODY = YES;
				CLANG_WARN_ENUM_CONVERSION = YES;
				CLANG_WARN_INFINITE_RECURSION = YES;
				CLANG_WARN_INT_CONVERSION = YES;
				CLANG_WARN_NON_LITERAL_NULL_CONVERSION = YES;
				CLANG_WARN_OBJC_IMPLICIT_RETAIN_SELF = YES;
				CLANG_WARN_OBJC_LITERAL_CONVERSION = YES;
				CLANG_WARN_OBJC_ROOT_CLASS = YES_ERROR;
				CLANG_WARN_QUOTED_INCLUDE_IN_FRAMEWORK_HEADER = YES;
				CLANG_WARN_RANGE_LOOP_ANALYSIS = YES;
				CLANG_WARN_STRICT_PROTOTYPES = YES;
				CLANG_WARN_SUSPICIOUS_MOVE = YES;
				CLANG_WARN_UNGUARDED_AVAILABILITY = YES_AGGRESSIVE;
				CLANG_WARN_UNREACHABLE_CODE = YES;
				CLANG_WARN__DUPLICATE_METHOD_MATCH = YES;
				COPY_PHASE_STRIP = NO;
				DEBUG_INFORMATION_FORMAT = "dwarf-with-dsym";
				DEVELOPMENT_TEAM = 885D8LZPH6;
				ENABLE_NS_ASSERTIONS = NO;
				ENABLE_STRICT_OBJC_MSGSEND = YES;
				ENABLE_USER_SCRIPT_SANDBOXING = YES;
				GCC_C_LANGUAGE_STANDARD = gnu17;
				GCC_NO_COMMON_BLOCKS = YES;
				GCC_WARN_64_TO_32_BIT_CONVERSION = YES;
				GCC_WARN_ABOUT_RETURN_TYPE = YES_ERROR;
				GCC_WARN_UNDECLARED_SELECTOR = YES;
				GCC_WARN_UNINITIALIZED_AUTOS = YES_AGGRESSIVE;
				GCC_WARN_UNUSED_FUNCTION = YES;
				GCC_WARN_UNUSED_VARIABLE = YES;
				IPHONEOS_DEPLOYMENT_TARGET = 18.5;
				LOCALIZATION_PREFERS_STRING_CATALOGS = YES;
				MTL_ENABLE_DEBUG_INFO = NO;
				MTL_FAST_MATH = YES;
				SDKROOT = iphoneos;
				SWIFT_COMPILATION_MODE = wholemodule;
				VALIDATE_PRODUCT = YES;
			};
			name = Release;
		};
		B58161C12EDDFADE00B07380 /* Debug */ = {
			isa = XCBuildConfiguration;
			buildSettings = {
				ASSETCATALOG_COMPILER_APPICON_NAME = AppIcon;
				ASSETCATALOG_COMPILER_GLOBAL_ACCENT_COLOR_NAME = AccentColor;
				CODE_SIGN_STYLE = Automatic;
				CURRENT_PROJECT_VERSION = 1;
				DEVELOPMENT_TEAM = 885D8LZPH6;
				ENABLE_PREVIEWS = YES;
				GENERATE_INFOPLIST_FILE = YES;
				INFOPLIST_FILE = "Real-KAOS-App-Info.plist";
				INFOPLIST_KEY_UIApplicationSceneManifest_Generation = YES;
				INFOPLIST_KEY_UIApplicationSupportsIndirectInputEvents = YES;
				INFOPLIST_KEY_UILaunchScreen_Generation = YES;
				INFOPLIST_KEY_UISupportedInterfaceOrientations_iPad = "UIInterfaceOrientationPortrait UIInterfaceOrientationPortraitUpsideDown UIInterfaceOrientationLandscapeLeft UIInterfaceOrientationLandscapeRight";
				INFOPLIST_KEY_UISupportedInterfaceOrientations_iPhone = "UIInterfaceOrientationPortrait UIInterfaceOrientationLandscapeLeft UIInterfaceOrientationLandscapeRight";
				LD_RUNPATH_SEARCH_PATHS = (
					"$(inherited)",
					"@executable_path/Frameworks",
				);
				MARKETING_VERSION = 1.0;
				PRODUCT_BUNDLE_IDENTIFIER = "Courey.Real-KAOS-App";
				PRODUCT_NAME = "$(TARGET_NAME)";
				SWIFT_EMIT_LOC_STRINGS = YES;
				SWIFT_VERSION = 5.0;
				TARGETED_DEVICE_FAMILY = "1,2";
			};
			name = Debug;
		};
		B58161C22EDDFADE00B07380 /* Release */ = {
			isa = XCBuildConfiguration;
			buildSettings = {
				ASSETCATALOG_COMPILER_APPICON_NAME = AppIcon;
				ASSETCATALOG_COMPILER_GLOBAL_ACCENT_COLOR_NAME = AccentColor;
				CODE_SIGN_STYLE = Automatic;
				CURRENT_PROJECT_VERSION = 1;
				DEVELOPMENT_TEAM = 885D8LZPH6;
				ENABLE_PREVIEWS = YES;
				GENERATE_INFOPLIST_FILE = YES;
				INFOPLIST_FILE = "Real-KAOS-App-Info.plist";
				INFOPLIST_KEY_UIApplicationSceneManifest_Generation = YES;
				INFOPLIST_KEY_UIApplicationSupportsIndirectInputEvents = YES;
				INFOPLIST_KEY_UILaunchScreen_Generation = YES;
				INFOPLIST_KEY_UISupportedInterfaceOrientations_iPad = "UIInterfaceOrientationPortrait UIInterfaceOrientationPortraitUpsideDown UIInterfaceOrientationLandscapeLeft UIInterfaceOrientationLandscapeRight";
				INFOPLIST_KEY_UISupportedInterfaceOrientations_iPhone = "UIInterfaceOrientationPortrait UIInterfaceOrientationLandscapeLeft UIInterfaceOrientationLandscapeRight";
				LD_RUNPATH_SEARCH_PATHS = (
					"$(inherited)",
					"@executable_path/Frameworks",
				);
				MARKETING_VERSION = 1.0;
				PRODUCT_BUNDLE_IDENTIFIER = "Courey.Real-KAOS-App";
				PRODUCT_NAME = "$(TARGET_NAME)";
				SWIFT_EMIT_LOC_STRINGS = YES;
				SWIFT_VERSION = 5.0;
				TARGETED_DEVICE_FAMILY = "1,2";
			};
			name = Release;
		};
		B58161C42EDDFADE00B07380 /* Debug */ = {
			isa = XCBuildConfiguration;
			buildSettings = {
				BUNDLE_LOADER = "$(TEST_HOST)";
				CODE_SIGN_STYLE = Automatic;
				CURRENT_PROJECT_VERSION = 1;
				DEVELOPMENT_TEAM = 885D8LZPH6;
				GENERATE_INFOPLIST_FILE = YES;
				IPHONEOS_DEPLOYMENT_TARGET = 18.5;
				MARKETING_VERSION = 1.0;
				PRODUCT_BUNDLE_IDENTIFIER = "Courey.Real-KAOS-AppTests";
				PRODUCT_NAME = "$(TARGET_NAME)";
				SWIFT_EMIT_LOC_STRINGS = NO;
				SWIFT_VERSION = 5.0;
				TARGETED_DEVICE_FAMILY = "1,2";
				TEST_HOST = "$(BUILT_PRODUCTS_DIR)/Real KAOS App.app/$(BUNDLE_EXECUTABLE_FOLDER_PATH)/Real KAOS App";
			};
			name = Debug;
		};
		B58161C52EDDFADE00B07380 /* Release */ = {
			isa = XCBuildConfiguration;
			buildSettings = {
				BUNDLE_LOADER = "$(TEST_HOST)";
				CODE_SIGN_STYLE = Automatic;
				CURRENT_PROJECT_VERSION = 1;
				DEVELOPMENT_TEAM = 885D8LZPH6;
				GENERATE_INFOPLIST_FILE = YES;
				IPHONEOS_DEPLOYMENT_TARGET = 18.5;
				MARKETING_VERSION = 1.0;
				PRODUCT_BUNDLE_IDENTIFIER = "Courey.Real-KAOS-AppTests";
				PRODUCT_NAME = "$(TARGET_NAME)";
				SWIFT_EMIT_LOC_STRINGS = NO;
				SWIFT_VERSION = 5.0;
				TARGETED_DEVICE_FAMILY = "1,2";
				TEST_HOST = "$(BUILT_PRODUCTS_DIR)/Real KAOS App.app/$(BUNDLE_EXECUTABLE_FOLDER_PATH)/Real KAOS App";
			};
			name = Release;
		};
		B58161C72EDDFADE00B07380 /* Debug */ = {
			isa = XCBuildConfiguration;
			buildSettings = {
				CODE_SIGN_STYLE = Automatic;
				CURRENT_PROJECT_VERSION = 1;
				DEVELOPMENT_TEAM = 885D8LZPH6;
				GENERATE_INFOPLIST_FILE = YES;
				MARKETING_VERSION = 1.0;
				PRODUCT_BUNDLE_IDENTIFIER = "Courey.Real-KAOS-AppUITests";
				PRODUCT_NAME = "$(TARGET_NAME)";
				SWIFT_EMIT_LOC_STRINGS = NO;
				SWIFT_VERSION = 5.0;
				TARGETED_DEVICE_FAMILY = "1,2";
				TEST_TARGET_NAME = "Real KAOS App";
			};
			name = Debug;
		};
		B58161C82EDDFADE00B07380 /* Release */ = {
			isa = XCBuildConfiguration;
			buildSettings = {
				CODE_SIGN_STYLE = Automatic;
				CURRENT_PROJECT_VERSION = 1;
				DEVELOPMENT_TEAM = 885D8LZPH6;
				GENERATE_INFOPLIST_FILE = YES;
				MARKETING_VERSION = 1.0;
				PRODUCT_BUNDLE_IDENTIFIER = "Courey.Real-KAOS-AppUITests";
				PRODUCT_NAME = "$(TARGET_NAME)";
				SWIFT_EMIT_LOC_STRINGS = NO;
				SWIFT_VERSION = 5.0;
				TARGETED_DEVICE_FAMILY = "1,2";
				TEST_TARGET_NAME = "Real KAOS App";
			};
			name = Release;
		};
/* End XCBuildConfiguration section */

/* Begin XCConfigurationList section */
		B581619A2EDDFADD00B07380 /* Build configuration list for PBXProject "Real KAOS App" */ = {
			isa = XCConfigurationList;
			buildConfigurations = (
				B58161BE2EDDFADE00B07380 /* Debug */,
				B58161BF2EDDFADE00B07380 /* Release */,
			);
			defaultConfigurationIsVisible = 0;
			defaultConfigurationName = Release;
		};
		B58161C02EDDFADE00B07380 /* Build configuration list for PBXNativeTarget "Real KAOS App" */ = {
			isa = XCConfigurationList;
			buildConfigurations = (
				B58161C12EDDFADE00B07380 /* Debug */,
				B58161C22EDDFADE00B07380 /* Release */,
			);
			defaultConfigurationIsVisible = 0;
			defaultConfigurationName = Release;
		};
		B58161C32EDDFADE00B07380 /* Build configuration list for PBXNativeTarget "Real KAOS AppTests" */ = {
			isa = XCConfigurationList;
			buildConfigurations = (
				B58161C42EDDFADE00B07380 /* Debug */,
				B58161C52EDDFADE00B07380 /* Release */,
			);
			defaultConfigurationIsVisible = 0;
			defaultConfigurationName = Release;
		};
		B58161C62EDDFADE00B07380 /* Build configuration list for PBXNativeTarget "Real KAOS AppUITests" */ = {
			isa = XCConfigurationList;
			buildConfigurations = (
				B58161C72EDDFADE00B07380 /* Debug */,
				B58161C82EDDFADE00B07380 /* Release */,
			);
			defaultConfigurationIsVisible = 0;
			defaultConfigurationName = Release;
		};
/* End XCConfigurationList section */
	};
	rootObject = B58161972EDDFADD00B07380 /* Project object */;
}
